// !$*UTF8*$!
{
	archiveVersion = 1;
	classes = {
	};
	objectVersion = 51;
	objects = {

/* Begin PBXBuildFile section */
		5FB73B1F0C9503C362995C4E /* Pods_A815HelloNetPerson.framework in Frameworks */ = {isa = PBXBuildFile; fileRef = B0849BE4C57847D9ACEB99B8 /* Pods_A815HelloNetPerson.framework */; };
		AE5A1C7626C902F5001601E1 /* AppDelegate.swift in Sources */ = {isa = PBXBuildFile; fileRef = AE5A1C7526C902F5001601E1 /* AppDelegate.swift */; };
		AE5A1C7826C902F5001601E1 /* SceneDelegate.swift in Sources */ = {isa = PBXBuildFile; fileRef = AE5A1C7726C902F5001601E1 /* SceneDelegate.swift */; };
		AE5A1C7A26C902F5001601E1 /* ViewController.swift in Sources */ = {isa = PBXBuildFile; fileRef = AE5A1C7926C902F5001601E1 /* ViewController.swift */; };
		AE5A1C7D26C902F5001601E1 /* Main.storyboard in Resources */ = {isa = PBXBuildFile; fileRef = AE5A1C7B26C902F5001601E1 /* Main.storyboard */; };
		AE5A1C7F26C902FA001601E1 /* Assets.xcassets in Resources */ = {isa = PBXBuildFile; fileRef = AE5A1C7E26C902FA001601E1 /* Assets.xcassets */; };
		AE5A1C8226C902FA001601E1 /* LaunchScreen.storyboard in Resources */ = {isa = PBXBuildFile; fileRef = AE5A1C8026C902FA001601E1 /* LaunchScreen.storyboard */; };
		AE5A1C8A26C904EA001601E1 /* APIModel.swift in Sources */ = {isa = PBXBuildFile; fileRef = AE5A1C8926C904EA001601E1 /* APIModel.swift */; };
/* End PBXBuildFile section */

/* Begin PBXFileReference section */
		78B29BD3E5E676E350BB7A54 /* Pods-A815HelloNetPerson.debug.xcconfig */ = {isa = PBXFileReference; includeInIndex = 1; lastKnownFileType = text.xcconfig; name = "Pods-A815HelloNetPerson.debug.xcconfig"; path = "Target Support Files/Pods-A815HelloNetPerson/Pods-A815HelloNetPerson.debug.xcconfig"; sourceTree = "<group>"; };
		93332CF5DB24895D5060D67E /* Pods-A815HelloNetPerson.release.xcconfig */ = {isa = PBXFileReference; includeInIndex = 1; lastKnownFileType = text.xcconfig; name = "Pods-A815HelloNetPerson.release.xcconfig"; path = "Target Support Files/Pods-A815HelloNetPerson/Pods-A815HelloNetPerson.release.xcconfig"; sourceTree = "<group>"; };
		AE5A1C7226C902F5001601E1 /* A815HelloNetPerson.app */ = {isa = PBXFileReference; explicitFileType = wrapper.application; includeInIndex = 0; path = A815HelloNetPerson.app; sourceTree = BUILT_PRODUCTS_DIR; };
		AE5A1C7526C902F5001601E1 /* AppDelegate.swift */ = {isa = PBXFileReference; lastKnownFileType = sourcecode.swift; path = AppDelegate.swift; sourceTree = "<group>"; };
		AE5A1C7726C902F5001601E1 /* SceneDelegate.swift */ = {isa = PBXFileReference; lastKnownFileType = sourcecode.swift; path = SceneDelegate.swift; sourceTree = "<group>"; };
		AE5A1C7926C902F5001601E1 /* ViewController.swift */ = {isa = PBXFileReference; lastKnownFileType = sourcecode.swift; path = ViewController.swift; sourceTree = "<group>"; };
		AE5A1C7C26C902F5001601E1 /* Base */ = {isa = PBXFileReference; lastKnownFileType = file.storyboard; name = Base; path = Base.lproj/Main.storyboard; sourceTree = "<group>"; };
		AE5A1C7E26C902FA001601E1 /* Assets.xcassets */ = {isa = PBXFileReference; lastKnownFileType = folder.assetcatalog; path = Assets.xcassets; sourceTree = "<group>"; };
		AE5A1C8126C902FA001601E1 /* Base */ = {isa = PBXFileReference; lastKnownFileType = file.storyboard; name = Base; path = Base.lproj/LaunchScreen.storyboard; sourceTree = "<group>"; };
		AE5A1C8326C902FA001601E1 /* Info.plist */ = {isa = PBXFileReference; lastKnownFileType = text.plist.xml; path = Info.plist; sourceTree = "<group>"; };
		AE5A1C8926C904EA001601E1 /* APIModel.swift */ = {isa = PBXFileReference; lastKnownFileType = sourcecode.swift; path = APIModel.swift; sourceTree = "<group>"; };
		B0849BE4C57847D9ACEB99B8 /* Pods_A815HelloNetPerson.framework */ = {isa = PBXFileReference; explicitFileType = wrapper.framework; includeInIndex = 0; path = Pods_A815HelloNetPerson.framework; sourceTree = BUILT_PRODUCTS_DIR; };
/* End PBXFileReference section */

/* Begin PBXFrameworksBuildPhase section */
		AE5A1C6F26C902F5001601E1 /* Frameworks */ = {
			isa = PBXFrameworksBuildPhase;
			buildActionMask = 2147483647;
			files = (
				5FB73B1F0C9503C362995C4E /* Pods_A815HelloNetPerson.framework in Frameworks */,
			);
			runOnlyForDeploymentPostprocessing = 0;
		};
/* End PBXFrameworksBuildPhase section */

/* Begin PBXGroup section */
		5691004B996AE259E3FBF581 /* Pods */ = {
			isa = PBXGroup;
			children = (
				78B29BD3E5E676E350BB7A54 /* Pods-A815HelloNetPerson.debug.xcconfig */,
				93332CF5DB24895D5060D67E /* Pods-A815HelloNetPerson.release.xcconfig */,
			);
			path = Pods;
			sourceTree = "<group>";
		};
		AE5A1C6926C902F5001601E1 = {
			isa = PBXGroup;
			children = (
				AE5A1C7426C902F5001601E1 /* A815HelloNetPerson */,
				AE5A1C7326C902F5001601E1 /* Products */,
				5691004B996AE259E3FBF581 /* Pods */,
				F6965466C6690EE2ECA4EB09 /* Frameworks */,
			);
			sourceTree = "<group>";
		};
		AE5A1C7326C902F5001601E1 /* Products */ = {
			isa = PBXGroup;
			children = (
				AE5A1C7226C902F5001601E1 /* A815HelloNetPerson.app */,
			);
			name = Products;
			sourceTree = "<group>";
		};
		AE5A1C7426C902F5001601E1 /* A815HelloNetPerson */ = {
			isa = PBXGroup;
			children = (
				AE5A1C8926C904EA001601E1 /* APIModel.swift */,
				AE5A1C7526C902F5001601E1 /* AppDelegate.swift */,
				AE5A1C7726C902F5001601E1 /* SceneDelegate.swift */,
				AE5A1C7926C902F5001601E1 /* ViewController.swift */,
				AE5A1C7B26C902F5001601E1 /* Main.storyboard */,
				AE5A1C7E26C902FA001601E1 /* Assets.xcassets */,
				AE5A1C8026C902FA001601E1 /* LaunchScreen.storyboard */,
				AE5A1C8326C902FA001601E1 /* Info.plist */,
			);
			path = A815HelloNetPerson;
			sourceTree = "<group>";
		};
		F6965466C6690EE2ECA4EB09 /* Frameworks */ = {
			isa = PBXGroup;
			children = (
				B0849BE4C57847D9ACEB99B8 /* Pods_A815HelloNetPerson.framework */,
			);
			name = Frameworks;
			sourceTree = "<group>";
		};
/* End PBXGroup section */

/* Begin PBXNativeTarget section */
		AE5A1C7126C902F5001601E1 /* A815HelloNetPerson */ = {
			isa = PBXNativeTarget;
			buildConfigurationList = AE5A1C8626C902FA001601E1 /* Build configuration list for PBXNativeTarget "A815HelloNetPerson" */;
			buildPhases = (
				CC99EBC2C2E5FE869F7158ED /* [CP] Check Pods Manifest.lock */,
				AE5A1C6E26C902F5001601E1 /* Sources */,
				AE5A1C6F26C902F5001601E1 /* Frameworks */,
				AE5A1C7026C902F5001601E1 /* Resources */,
				8919A76471011362B269CECE /* [CP] Embed Pods Frameworks */,
			);
			buildRules = (
			);
			dependencies = (
			);
			name = A815HelloNetPerson;
			productName = A815HelloNetPerson;
			productReference = AE5A1C7226C902F5001601E1 /* A815HelloNetPerson.app */;
			productType = "com.apple.product-type.application";
		};
/* End PBXNativeTarget section */

/* Begin PBXProject section */
		AE5A1C6A26C902F5001601E1 /* Project object */ = {
			isa = PBXProject;
			attributes = {
				LastSwiftUpdateCheck = 1250;
				LastUpgradeCheck = 1250;
				TargetAttributes = {
					AE5A1C7126C902F5001601E1 = {
						CreatedOnToolsVersion = 12.5.1;
					};
				};
			};
			buildConfigurationList = AE5A1C6D26C902F5001601E1 /* Build configuration list for PBXProject "A815HelloNetPerson" */;
			compatibilityVersion = "Xcode 9.3";
			developmentRegion = en;
			hasScannedForEncodings = 0;
			knownRegions = (
				en,
				Base,
			);
			mainGroup = AE5A1C6926C902F5001601E1;
			productRefGroup = AE5A1C7326C902F5001601E1 /* Products */;
			projectDirPath = "";
			projectRoot = "";
			targets = (
				AE5A1C7126C902F5001601E1 /* A815HelloNetPerson */,
			);
		};
/* End PBXProject section */

/* Begin PBXResourcesBuildPhase section */
		AE5A1C7026C902F5001601E1 /* Resources */ = {
			isa = PBXResourcesBuildPhase;
			buildActionMask = 2147483647;
			files = (
				AE5A1C8226C902FA001601E1 /* LaunchScreen.storyboard in Resources */,
				AE5A1C7F26C902FA001601E1 /* Assets.xcassets in Resources */,
				AE5A1C7D26C902F5001601E1 /* Main.storyboard in Resources */,
			);
			runOnlyForDeploymentPostprocessing = 0;
		};
/* End PBXResourcesBuildPhase section */

/* Begin PBXShellScriptBuildPhase section */
		8919A76471011362B269CECE /* [CP] Embed Pods Frameworks */ = {
			isa = PBXShellScriptBuildPhase;
			buildActionMask = 2147483647;
			files = (
			);
			inputFileListPaths = (
				"${PODS_ROOT}/Target Support Files/Pods-A815HelloNetPerson/Pods-A815HelloNetPerson-frameworks-${CONFIGURATION}-input-files.xcfilelist",
			);
			name = "[CP] Embed Pods Frameworks";
			outputFileListPaths = (
				"${PODS_ROOT}/Target Support Files/Pods-A815HelloNetPerson/Pods-A815HelloNetPerson-frameworks-${CONFIGURATION}-output-files.xcfilelist",
			);
			runOnlyForDeploymentPostprocessing = 0;
			shellPath = /bin/sh;
			shellScript = "\"${PODS_ROOT}/Target Support Files/Pods-A815HelloNetPerson/Pods-A815HelloNetPerson-frameworks.sh\"\n";
			showEnvVarsInLog = 0;
		};
		CC99EBC2C2E5FE869F7158ED /* [CP] Check Pods Manifest.lock */ = {
			isa = PBXShellScriptBuildPhase;
			buildActionMask = 2147483647;
			files = (
			);
			inputFileListPaths = (
			);
			inputPaths = (
				"${PODS_PODFILE_DIR_PATH}/Podfile.lock",
				"${PODS_ROOT}/Manifest.lock",
			);
			name = "[CP] Check Pods Manifest.lock";
			outputFileListPaths = (
			);
			outputPaths = (
				"$(DERIVED_FILE_DIR)/Pods-A815HelloNetPerson-checkManifestLockResult.txt",
			);
			runOnlyForDeploymentPostprocessing = 0;
			shellPath = /bin/sh;
			shellScript = "diff \"${PODS_PODFILE_DIR_PATH}/Podfile.lock\" \"${PODS_ROOT}/Manifest.lock\" > /dev/null\nif [ $? != 0 ] ; then\n    # print error to STDERR\n    echo \"error: The sandbox is not in sync with the Podfile.lock. Run 'pod install' or update your CocoaPods installation.\" >&2\n    exit 1\nfi\n# This output is used by Xcode 'outputs' to avoid re-running this script phase.\necho \"SUCCESS\" > \"${SCRIPT_OUTPUT_FILE_0}\"\n";
			showEnvVarsInLog = 0;
		};
/* End PBXShellScriptBuildPhase section */

/* Begin PBXSourcesBuildPhase section */
		AE5A1C6E26C902F5001601E1 /* Sources */ = {
			isa = PBXSourcesBuildPhase;
			buildActionMask = 2147483647;
			files = (
				AE5A1C8A26C904EA001601E1 /* APIModel.swift in Sources */,
				AE5A1C7A26C902F5001601E1 /* ViewController.swift in Sources */,
				AE5A1C7626C902F5001601E1 /* AppDelegate.swift in Sources */,
				AE5A1C7826C902F5001601E1 /* SceneDelegate.swift in Sources */,
			);
			runOnlyForDeploymentPostprocessing = 0;
		};
/* End PBXSourcesBuildPhase section */

/* Begin PBXVariantGroup section */
		AE5A1C7B26C902F5001601E1 /* Main.storyboard */ = {
			isa = PBXVariantGroup;
			children = (
				AE5A1C7C26C902F5001601E1 /* Base */,
			);
			name = Main.storyboard;
			sourceTree = "<group>";
		};
		AE5A1C8026C902FA001601E1 /* LaunchScreen.storyboard */ = {
			isa = PBXVariantGroup;
			children = (
				AE5A1C8126C902FA001601E1 /* Base */,
			);
			name = LaunchScreen.storyboard;
			sourceTree = "<group>";
		};
/* End PBXVariantGroup section */

/* Begin XCBuildConfiguration section */
		AE5A1C8426C902FA001601E1 /* Debug */ = {
			isa = XCBuildConfiguration;
			buildSettings = {
				ALWAYS_SEARCH_USER_PATHS = NO;
				CLANG_ANALYZER_NONNULL = YES;
				CLANG_ANALYZER_NUMBER_OBJECT_CONVERSION = YES_AGGRESSIVE;
				CLANG_CXX_LANGUAGE_STANDARD = "gnu++14";
				CLANG_CXX_LIBRARY = "libc++";
				CLANG_ENABLE_MODULES = YES;
				CLANG_ENABLE_OBJC_ARC = YES;
				CLANG_ENABLE_OBJC_WEAK = YES;
				CLANG_WARN_BLOCK_CAPTURE_AUTORELEASING = YES;
				CLANG_WARN_BOOL_CONVERSION = YES;
				CLANG_WARN_COMMA = YES;
				CLANG_WARN_CONSTANT_CONVERSION = YES;
				CLANG_WARN_DEPRECATED_OBJC_IMPLEMENTATIONS = YES;
				CLANG_WARN_DIRECT_OBJC_ISA_USAGE = YES_ERROR;
				CLANG_WARN_DOCUMENTATION_COMMENTS = YES;
				CLANG_WARN_EMPTY_BODY = YES;
				CLANG_WARN_ENUM_CONVERSION = YES;
				CLANG_WARN_INFINITE_RECURSION = YES;
				CLANG_WARN_INT_CONVERSION = YES;
				CLANG_WARN_NON_LITERAL_NULL_CONVERSION = YES;
				CLANG_WARN_OBJC_IMPLICIT_RETAIN_SELF = YES;
				CLANG_WARN_OBJC_LITERAL_CONVERSION = YES;
				CLANG_WARN_OBJC_ROOT_CLASS = YES_ERROR;
				CLANG_WARN_QUOTED_INCLUDE_IN_FRAMEWORK_HEADER = YES;
				CLANG_WARN_RANGE_LOOP_ANALYSIS = YES;
				CLANG_WARN_STRICT_PROTOTYPES = YES;
				CLANG_WARN_SUSPICIOUS_MOVE = YES;
				CLANG_WARN_UNGUARDED_AVAILABILITY = YES_AGGRESSIVE;
				CLANG_WARN_UNREACHABLE_CODE = YES;
				CLANG_WARN__DUPLICATE_METHOD_MATCH = YES;
				COPY_PHASE_STRIP = NO;
				DEBUG_INFORMATION_FORMAT = dwarf;
				ENABLE_STRICT_OBJC_MSGSEND = YES;
				ENABLE_TESTABILITY = YES;
				GCC_C_LANGUAGE_STANDARD = gnu11;
				GCC_DYNAMIC_NO_PIC = NO;
				GCC_NO_COMMON_BLOCKS = YES;
				GCC_OPTIMIZATION_LEVEL = 0;
				GCC_PREPROCESSOR_DEFINITIONS = (
					"DEBUG=1",
					"$(inherited)",
				);
				GCC_WARN_64_TO_32_BIT_CONVERSION = YES;
				GCC_WARN_ABOUT_RETURN_TYPE = YES_ERROR;
				GCC_WARN_UNDECLARED_SELECTOR = YES;
				GCC_WARN_UNINITIALIZED_AUTOS = YES_AGGRESSIVE;
				GCC_WARN_UNUSED_FUNCTION = YES;
				GCC_WARN_UNUSED_VARIABLE = YES;
				IPHONEOS_DEPLOYMENT_TARGET = 14.5;
				MTL_ENABLE_DEBUG_INFO = INCLUDE_SOURCE;
				MTL_FAST_MATH = YES;
				ONLY_ACTIVE_ARCH = YES;
				SDKROOT = iphoneos;
				SWIFT_ACTIVE_COMPILATION_CONDITIONS = DEBUG;
				SWIFT_OPTIMIZATION_LEVEL = "-Onone";
			};
			name = Debug;
		};
		AE5A1C8526C902FA001601E1 /* Release */ = {
			isa = XCBuildConfiguration;
			buildSettings = {
				ALWAYS_SEARCH_USER_PATHS = NO;
				CLANG_ANALYZER_NONNULL = YES;
				CLANG_ANALYZER_NUMBER_OBJECT_CONVERSION = YES_AGGRESSIVE;
				CLANG_CXX_LANGUAGE_STANDARD = "gnu++14";
				CLANG_CXX_LIBRARY = "libc++";
				CLANG_ENABLE_MODULES = YES;
				CLANG_ENABLE_OBJC_ARC = YES;
				CLANG_ENABLE_OBJC_WEAK = YES;
				CLANG_WARN_BLOCK_CAPTURE_AUTORELEASING = YES;
				CLANG_WARN_BOOL_CONVERSION = YES;
				CLANG_WARN_COMMA = YES;
				CLANG_WARN_CONSTANT_CONVERSION = YES;
				CLANG_WARN_DEPRECATED_OBJC_IMPLEMENTATIONS = YES;
				CLANG_WARN_DIRECT_OBJC_ISA_USAGE = YES_ERROR;
				CLANG_WARN_DOCUMENTATION_COMMENTS = YES;
				CLANG_WARN_EMPTY_BODY = YES;
				CLANG_WARN_ENUM_CONVERSION = YES;
				CLANG_WARN_INFINITE_RECURSION = YES;
				CLANG_WARN_INT_CONVERSION = YES;
				CLANG_WARN_NON_LITERAL_NULL_CONVERSION = YES;
				CLANG_WARN_OBJC_IMPLICIT_RETAIN_SELF = YES;
				CLANG_WARN_OBJC_LITERAL_CONVERSION = YES;
				CLANG_WARN_OBJC_ROOT_CLASS = YES_ERROR;
				CLANG_WARN_QUOTED_INCLUDE_IN_FRAMEWORK_HEADER = YES;
				CLANG_WARN_RANGE_LOOP_ANALYSIS = YES;
				CLANG_WARN_STRICT_PROTOTYPES = YES;
				CLANG_WARN_SUSPICIOUS_MOVE = YES;
				CLANG_WARN_UNGUARDED_AVAILABILITY = YES_AGGRESSIVE;
				CLANG_WARN_UNREACHABLE_CODE = YES;
				CLANG_WARN__DUPLICATE_METHOD_MATCH = YES;
				COPY_PHASE_STRIP = NO;
				DEBUG_INFORMATION_FORMAT = "dwarf-with-dsym";
				ENABLE_NS_ASSERTIONS = NO;
				ENABLE_STRICT_OBJC_MSGSEND = YES;
				GCC_C_LANGUAGE_STANDARD = gnu11;
				GCC_NO_COMMON_BLOCKS = YES;
				GCC_WARN_64_TO_32_BIT_CONVERSION = YES;
				GCC_WARN_ABOUT_RETURN_TYPE = YES_ERROR;
				GCC_WARN_UNDECLARED_SELECTOR = YES;
				GCC_WARN_UNINITIALIZED_AUTOS = YES_AGGRESSIVE;
				GCC_WARN_UNUSED_FUNCTION = YES;
				GCC_WARN_UNUSED_VARIABLE = YES;
				IPHONEOS_DEPLOYMENT_TARGET = 14.5;
				MTL_ENABLE_DEBUG_INFO = NO;
				MTL_FAST_MATH = YES;
				SDKROOT = iphoneos;
				SWIFT_COMPILATION_MODE = wholemodule;
				SWIFT_OPTIMIZATION_LEVEL = "-O";
				VALIDATE_PRODUCT = YES;
			};
			name = Release;
		};
		AE5A1C8726C902FA001601E1 /* Debug */ = {
			isa = XCBuildConfiguration;
			baseConfigurationReference = 78B29BD3E5E676E350BB7A54 /* Pods-A815HelloNetPerson.debug.xcconfig */;
			buildSettings = {
				ASSETCATALOG_COMPILER_APPICON_NAME = AppIcon;
				ASSETCATALOG_COMPILER_GLOBAL_ACCENT_COLOR_NAME = AccentColor;
				CODE_SIGN_STYLE = Automatic;
				DEVELOPMENT_TEAM = 86A854TG2V;
				INFOPLIST_FILE = A815HelloNetPerson/Info.plist;
				LD_RUNPATH_SEARCH_PATHS = (
					"$(inherited)",
					"@executable_path/Frameworks",
				);
				PRODUCT_BUNDLE_IDENTIFIER = com.purplvampire.A815HelloNetPerson;
				PRODUCT_NAME = "$(TARGET_NAME)";
				SWIFT_VERSION = 5.0;
				TARGETED_DEVICE_FAMILY = "1,2";
			};
			name = Debug;
		};
		AE5A1C8826C902FA001601E1 /* Release */ = {
			isa = XCBuildConfiguration;
			baseConfigurationReference = 93332CF5DB24895D5060D67E /* Pods-A815HelloNetPerson.release.xcconfig */;
			buildSettings = {
				ASSETCATALOG_COMPILER_APPICON_NAME = AppIcon;
				ASSETCATALOG_COMPILER_GLOBAL_ACCENT_COLOR_NAME = AccentColor;
				CODE_SIGN_STYLE = Automatic;
				DEVELOPMENT_TEAM = 86A854TG2V;
				INFOPLIST_FILE = A815HelloNetPerson/Info.plist;
				LD_RUNPATH_SEARCH_PATHS = (
					"$(inherited)",
					"@executable_path/Frameworks",
				);
				PRODUCT_BUNDLE_IDENTIFIER = com.purplvampire.A815HelloNetPerson;
				PRODUCT_NAME = "$(TARGET_NAME)";
				SWIFT_VERSION = 5.0;
				TARGETED_DEVICE_FAMILY = "1,2";
			};
			name = Release;
		};
/* End XCBuildConfiguration section */

/* Begin XCConfigurationList section */
		AE5A1C6D26C902F5001601E1 /* Build configuration list for PBXProject "A815HelloNetPerson" */ = {
			isa = XCConfigurationList;
			buildConfigurations = (
				AE5A1C8426C902FA001601E1 /* Debug */,
				AE5A1C8526C902FA001601E1 /* Release */,
			);
			defaultConfigurationIsVisible = 0;
			defaultConfigurationName = Release;
		};
		AE5A1C8626C902FA001601E1 /* Build configuration list for PBXNativeTarget "A815HelloNetPerson" */ = {
			isa = XCConfigurationList;
			buildConfigurations = (
				AE5A1C8726C902FA001601E1 /* Debug */,
				AE5A1C8826C902FA001601E1 /* Release */,
			);
			defaultConfigurationIsVisible = 0;
			defaultConfigurationName = Release;
		};
/* End XCConfigurationList section */
	};
	rootObject = AE5A1C6A26C902F5001601E1 /* Project object */;
}
